// !$*UTF8*$!
{
	archiveVersion = 1;
	classes = {
	};
	objectVersion = 50;
	objects = {

/* Begin PBXBuildFile section */
		3A6687F923960FCD0009F441 /* AppDelegate.m in Sources */ = {isa = PBXBuildFile; fileRef = 3A6687F823960FCD0009F441 /* AppDelegate.m */; };
		3A6687FC23960FCD0009F441 /* SceneDelegate.m in Sources */ = {isa = PBXBuildFile; fileRef = 3A6687FB23960FCD0009F441 /* SceneDelegate.m */; };
		3A6687FF23960FCE0009F441 /* ViewController.m in Sources */ = {isa = PBXBuildFile; fileRef = 3A6687FE23960FCE0009F441 /* ViewController.m */; };
		3A66880223960FCE0009F441 /* Main.storyboard in Resources */ = {isa = PBXBuildFile; fileRef = 3A66880023960FCE0009F441 /* Main.storyboard */; };
		3A66880423960FCF0009F441 /* Assets.xcassets in Resources */ = {isa = PBXBuildFile; fileRef = 3A66880323960FCF0009F441 /* Assets.xcassets */; };
		3A66880723960FCF0009F441 /* LaunchScreen.storyboard in Resources */ = {isa = PBXBuildFile; fileRef = 3A66880523960FCF0009F441 /* LaunchScreen.storyboard */; };
		3A66880A23960FCF0009F441 /* main.m in Sources */ = {isa = PBXBuildFile; fileRef = 3A66880923960FCF0009F441 /* main.m */; };
		3A668812239616020009F441 /* MyTableViewCell.m in Sources */ = {isa = PBXBuildFile; fileRef = 3A668811239616020009F441 /* MyTableViewCell.m */; };
		3A66881523963FEA0009F441 /* ModeItem.m in Sources */ = {isa = PBXBuildFile; fileRef = 3A66881423963FEA0009F441 /* ModeItem.m */; };
		3A66881823964C350009F441 /* AViewController.m in Sources */ = {isa = PBXBuildFile; fileRef = 3A66881723964C350009F441 /* AViewController.m */; };
/* End PBXBuildFile section */

/* Begin PBXFileReference section */
		3A6687F423960FCD0009F441 /* TableviewWithTimer.app */ = {isa = PBXFileReference; explicitFileType = wrapper.application; includeInIndex = 0; path = TableviewWithTimer.app; sourceTree = BUILT_PRODUCTS_DIR; };
		3A6687F723960FCD0009F441 /* AppDelegate.h */ = {isa = PBXFileReference; lastKnownFileType = sourcecode.c.h; path = AppDelegate.h; sourceTree = "<group>"; };
		3A6687F823960FCD0009F441 /* AppDelegate.m */ = {isa = PBXFileReference; lastKnownFileType = sourcecode.c.objc; path = AppDelegate.m; sourceTree = "<group>"; };
		3A6687FA23960FCD0009F441 /* SceneDelegate.h */ = {isa = PBXFileReference; lastKnownFileType = sourcecode.c.h; path = SceneDelegate.h; sourceTree = "<group>"; };
		3A6687FB23960FCD0009F441 /* SceneDelegate.m */ = {isa = PBXFileReference; lastKnownFileType = sourcecode.c.objc; path = SceneDelegate.m; sourceTree = "<group>"; };
		3A6687FD23960FCE0009F441 /* ViewController.h */ = {isa = PBXFileReference; lastKnownFileType = sourcecode.c.h; path = ViewController.h; sourceTree = "<group>"; };
		3A6687FE23960FCE0009F441 /* ViewController.m */ = {isa = PBXFileReference; lastKnownFileType = sourcecode.c.objc; path = ViewController.m; sourceTree = "<group>"; };
		3A66880123960FCE0009F441 /* Base */ = {isa = PBXFileReference; lastKnownFileType = file.storyboard; name = Base; path = Base.lproj/Main.storyboard; sourceTree = "<group>"; };
		3A66880323960FCF0009F441 /* Assets.xcassets */ = {isa = PBXFileReference; lastKnownFileType = folder.assetcatalog; path = Assets.xcassets; sourceTree = "<group>"; };
		3A66880623960FCF0009F441 /* Base */ = {isa = PBXFileReference; lastKnownFileType = file.storyboard; name = Base; path = Base.lproj/LaunchScreen.storyboard; sourceTree = "<group>"; };
		3A66880823960FCF0009F441 /* Info.plist */ = {isa = PBXFileReference; lastKnownFileType = text.plist.xml; path = Info.plist; sourceTree = "<group>"; };
		3A66880923960FCF0009F441 /* main.m */ = {isa = PBXFileReference; lastKnownFileType = sourcecode.c.objc; path = main.m; sourceTree = "<group>"; };
		3A668810239616020009F441 /* MyTableViewCell.h */ = {isa = PBXFileReference; lastKnownFileType = sourcecode.c.h; path = MyTableViewCell.h; sourceTree = "<group>"; };
		3A668811239616020009F441 /* MyTableViewCell.m */ = {isa = PBXFileReference; lastKnownFileType = sourcecode.c.objc; path = MyTableViewCell.m; sourceTree = "<group>"; };
		3A66881323963FEA0009F441 /* ModeItem.h */ = {isa = PBXFileReference; lastKnownFileType = sourcecode.c.h; path = ModeItem.h; sourceTree = "<group>"; };
		3A66881423963FEA0009F441 /* ModeItem.m */ = {isa = PBXFileReference; lastKnownFileType = sourcecode.c.objc; path = ModeItem.m; sourceTree = "<group>"; };
		3A66881623964C350009F441 /* AViewController.h */ = {isa = PBXFileReference; lastKnownFileType = sourcecode.c.h; path = AViewController.h; sourceTree = "<group>"; };
		3A66881723964C350009F441 /* AViewController.m */ = {isa = PBXFileReference; lastKnownFileType = sourcecode.c.objc; path = AViewController.m; sourceTree = "<group>"; };
/* End PBXFileReference section */

/* Begin PBXFrameworksBuildPhase section */
		3A6687F123960FCD0009F441 /* Frameworks */ = {
			isa = PBXFrameworksBuildPhase;
			buildActionMask = 2147483647;
			files = (
			);
			runOnlyForDeploymentPostprocessing = 0;
		};
/* End PBXFrameworksBuildPhase section */

/* Begin PBXGroup section */
		3A6687EB23960FCD0009F441 = {
			isa = PBXGroup;
			children = (
				3A6687F623960FCD0009F441 /* TableviewWithTimer */,
				3A6687F523960FCD0009F441 /* Products */,
			);
			sourceTree = "<group>";
		};
		3A6687F523960FCD0009F441 /* Products */ = {
			isa = PBXGroup;
			children = (
				3A6687F423960FCD0009F441 /* TableviewWithTimer.app */,
			);
			name = Products;
			sourceTree = "<group>";
		};
		3A6687F623960FCD0009F441 /* TableviewWithTimer */ = {
			isa = PBXGroup;
			children = (
				3A6687F723960FCD0009F441 /* AppDelegate.h */,
				3A6687F823960FCD0009F441 /* AppDelegate.m */,
				3A66881623964C350009F441 /* AViewController.h */,
				3A66881723964C350009F441 /* AViewController.m */,
				3A6687FA23960FCD0009F441 /* SceneDelegate.h */,
				3A6687FB23960FCD0009F441 /* SceneDelegate.m */,
				3A6687FD23960FCE0009F441 /* ViewController.h */,
				3A6687FE23960FCE0009F441 /* ViewController.m */,
				3A668810239616020009F441 /* MyTableViewCell.h */,
				3A668811239616020009F441 /* MyTableViewCell.m */,
				3A66881323963FEA0009F441 /* ModeItem.h */,
				3A66881423963FEA0009F441 /* ModeItem.m */,
				3A66880023960FCE0009F441 /* Main.storyboard */,
				3A66880323960FCF0009F441 /* Assets.xcassets */,
				3A66880523960FCF0009F441 /* LaunchScreen.storyboard */,
				3A66880823960FCF0009F441 /* Info.plist */,
				3A66880923960FCF0009F441 /* main.m */,
			);
			path = TableviewWithTimer;
			sourceTree = "<group>";
		};
/* End PBXGroup section */

/* Begin PBXNativeTarget section */
		3A6687F323960FCD0009F441 /* TableviewWithTimer */ = {
			isa = PBXNativeTarget;
			buildConfigurationList = 3A66880D23960FCF0009F441 /* Build configuration list for PBXNativeTarget "TableviewWithTimer" */;
			buildPhases = (
				3A6687F023960FCD0009F441 /* Sources */,
				3A6687F123960FCD0009F441 /* Frameworks */,
				3A6687F223960FCD0009F441 /* Resources */,
			);
			buildRules = (
			);
			dependencies = (
			);
			name = TableviewWithTimer;
			productName = TableviewWithTimer;
			productReference = 3A6687F423960FCD0009F441 /* TableviewWithTimer.app */;
			productType = "com.apple.product-type.application";
		};
/* End PBXNativeTarget section */

/* Begin PBXProject section */
		3A6687EC23960FCD0009F441 /* Project object */ = {
			isa = PBXProject;
			attributes = {
				LastUpgradeCheck = 1120;
				ORGANIZATIONNAME = ZZ;
				TargetAttributes = {
					3A6687F323960FCD0009F441 = {
						CreatedOnToolsVersion = 11.2.1;
					};
				};
			};
			buildConfigurationList = 3A6687EF23960FCD0009F441 /* Build configuration list for PBXProject "TableviewWithTimer" */;
			compatibilityVersion = "Xcode 9.3";
			developmentRegion = en;
			hasScannedForEncodings = 0;
			knownRegions = (
				en,
				Base,
			);
			mainGroup = 3A6687EB23960FCD0009F441;
			productRefGroup = 3A6687F523960FCD0009F441 /* Products */;
			projectDirPath = "";
			projectRoot = "";
			targets = (
				3A6687F323960FCD0009F441 /* TableviewWithTimer */,
			);
		};
/* End PBXProject section */

/* Begin PBXResourcesBuildPhase section */
		3A6687F223960FCD0009F441 /* Resources */ = {
			isa = PBXResourcesBuildPhase;
			buildActionMask = 2147483647;
			files = (
				3A66880723960FCF0009F441 /* LaunchScreen.storyboard in Resources */,
				3A66880423960FCF0009F441 /* Assets.xcassets in Resources */,
				3A66880223960FCE0009F441 /* Main.storyboard in Resources */,
			);
			runOnlyForDeploymentPostprocessing = 0;
		};
/* End PBXResourcesBuildPhase section */

/* Begin PBXSourcesBuildPhase section */
		3A6687F023960FCD0009F441 /* Sources */ = {
			isa = PBXSourcesBuildPhase;
			buildActionMask = 2147483647;
			files = (
				3A6687FF23960FCE0009F441 /* ViewController.m in Sources */,
				3A66881823964C350009F441 /* AViewController.m in Sources */,
				3A6687F923960FCD0009F441 /* AppDelegate.m in Sources */,
				3A66880A23960FCF0009F441 /* main.m in Sources */,
				3A6687FC23960FCD0009F441 /* SceneDelegate.m in Sources */,
				3A668812239616020009F441 /* MyTableViewCell.m in Sources */,
				3A66881523963FEA0009F441 /* ModeItem.m in Sources */,
			);
			runOnlyForDeploymentPostprocessing = 0;
		};
/* End PBXSourcesBuildPhase section */

/* Begin PBXVariantGroup section */
		3A66880023960FCE0009F441 /* Main.storyboard */ = {
			isa = PBXVariantGroup;
			children = (
				3A66880123960FCE0009F441 /* Base */,
			);
			name = Main.storyboard;
			sourceTree = "<group>";
		};
		3A66880523960FCF0009F441 /* LaunchScreen.storyboard */ = {
			isa = PBXVariantGroup;
			children = (
				3A66880623960FCF0009F441 /* Base */,
			);
			name = LaunchScreen.storyboard;
			sourceTree = "<group>";
		};
/* End PBXVariantGroup section */

/* Begin XCBuildConfiguration section */
		3A66880B23960FCF0009F441 /* Debug */ = {
			isa = XCBuildConfiguration;
			buildSettings = {
				ALWAYS_SEARCH_USER_PATHS = NO;
				CLANG_ANALYZER_NONNULL = YES;
				CLANG_ANALYZER_NUMBER_OBJECT_CONVERSION = YES_AGGRESSIVE;
				CLANG_CXX_LANGUAGE_STANDARD = "gnu++14";
				CLANG_CXX_LIBRARY = "libc++";
				CLANG_ENABLE_MODULES = YES;
				CLANG_ENABLE_OBJC_ARC = YES;
				CLANG_ENABLE_OBJC_WEAK = YES;
				CLANG_WARN_BLOCK_CAPTURE_AUTORELEASING = YES;
				CLANG_WARN_BOOL_CONVERSION = YES;
				CLANG_WARN_COMMA = YES;
				CLANG_WARN_CONSTANT_CONVERSION = YES;
				CLANG_WARN_DEPRECATED_OBJC_IMPLEMENTATIONS = YES;
				CLANG_WARN_DIRECT_OBJC_ISA_USAGE = YES_ERROR;
				CLANG_WARN_DOCUMENTATION_COMMENTS = YES;
				CLANG_WARN_EMPTY_BODY = YES;
				CLANG_WARN_ENUM_CONVERSION = YES;
				CLANG_WARN_INFINITE_RECURSION = YES;
				CLANG_WARN_INT_CONVERSION = YES;
				CLANG_WARN_NON_LITERAL_NULL_CONVERSION = YES;
				CLANG_WARN_OBJC_IMPLICIT_RETAIN_SELF = YES;
				CLANG_WARN_OBJC_LITERAL_CONVERSION = YES;
				CLANG_WARN_OBJC_ROOT_CLASS = YES_ERROR;
				CLANG_WARN_RANGE_LOOP_ANALYSIS = YES;
				CLANG_WARN_STRICT_PROTOTYPES = YES;
				CLANG_WARN_SUSPICIOUS_MOVE = YES;
				CLANG_WARN_UNGUARDED_AVAILABILITY = YES_AGGRESSIVE;
				CLANG_WARN_UNREACHABLE_CODE = YES;
				CLANG_WARN__DUPLICATE_METHOD_MATCH = YES;
				COPY_PHASE_STRIP = NO;
				DEBUG_INFORMATION_FORMAT = dwarf;
				ENABLE_STRICT_OBJC_MSGSEND = YES;
				ENABLE_TESTABILITY = YES;
				GCC_C_LANGUAGE_STANDARD = gnu11;
				GCC_DYNAMIC_NO_PIC = NO;
				GCC_NO_COMMON_BLOCKS = YES;
				GCC_OPTIMIZATION_LEVEL = 0;
				GCC_PREPROCESSOR_DEFINITIONS = (
					"DEBUG=1",
					"$(inherited)",
				);
				GCC_WARN_64_TO_32_BIT_CONVERSION = YES;
				GCC_WARN_ABOUT_RETURN_TYPE = YES_ERROR;
				GCC_WARN_UNDECLARED_SELECTOR = YES;
				GCC_WARN_UNINITIALIZED_AUTOS = YES_AGGRESSIVE;
				GCC_WARN_UNUSED_FUNCTION = YES;
				GCC_WARN_UNUSED_VARIABLE = YES;
				IPHONEOS_DEPLOYMENT_TARGET = 13.2;
				MTL_ENABLE_DEBUG_INFO = INCLUDE_SOURCE;
				MTL_FAST_MATH = YES;
				ONLY_ACTIVE_ARCH = YES;
				SDKROOT = iphoneos;
			};
			name = Debug;
		};
		3A66880C23960FCF0009F441 /* Release */ = {
			isa = XCBuildConfiguration;
			buildSettings = {
				ALWAYS_SEARCH_USER_PATHS = NO;
				CLANG_ANALYZER_NONNULL = YES;
				CLANG_ANALYZER_NUMBER_OBJECT_CONVERSION = YES_AGGRESSIVE;
				CLANG_CXX_LANGUAGE_STANDARD = "gnu++14";
				CLANG_CXX_LIBRARY = "libc++";
				CLANG_ENABLE_MODULES = YES;
				CLANG_ENABLE_OBJC_ARC = YES;
				CLANG_ENABLE_OBJC_WEAK = YES;
				CLANG_WARN_BLOCK_CAPTURE_AUTORELEASING = YES;
				CLANG_WARN_BOOL_CONVERSION = YES;
				CLANG_WARN_COMMA = YES;
				CLANG_WARN_CONSTANT_CONVERSION = YES;
				CLANG_WARN_DEPRECATED_OBJC_IMPLEMENTATIONS = YES;
				CLANG_WARN_DIRECT_OBJC_ISA_USAGE = YES_ERROR;
				CLANG_WARN_DOCUMENTATION_COMMENTS = YES;
				CLANG_WARN_EMPTY_BODY = YES;
				CLANG_WARN_ENUM_CONVERSION = YES;
				CLANG_WARN_INFINITE_RECURSION = YES;
				CLANG_WARN_INT_CONVERSION = YES;
				CLANG_WARN_NON_LITERAL_NULL_CONVERSION = YES;
				CLANG_WARN_OBJC_IMPLICIT_RETAIN_SELF = YES;
				CLANG_WARN_OBJC_LITERAL_CONVERSION = YES;
				CLANG_WARN_OBJC_ROOT_CLASS = YES_ERROR;
				CLANG_WARN_RANGE_LOOP_ANALYSIS = YES;
				CLANG_WARN_STRICT_PROTOTYPES = YES;
				CLANG_WARN_SUSPICIOUS_MOVE = YES;
				CLANG_WARN_UNGUARDED_AVAILABILITY = YES_AGGRESSIVE;
				CLANG_WARN_UNREACHABLE_CODE = YES;
				CLANG_WARN__DUPLICATE_METHOD_MATCH = YES;
				COPY_PHASE_STRIP = NO;
				DEBUG_INFORMATION_FORMAT = "dwarf-with-dsym";
				ENABLE_NS_ASSERTIONS = NO;
				ENABLE_STRICT_OBJC_MSGSEND = YES;
				GCC_C_LANGUAGE_STANDARD = gnu11;
				GCC_NO_COMMON_BLOCKS = YES;
				GCC_WARN_64_TO_32_BIT_CONVERSION = YES;
				GCC_WARN_ABOUT_RETURN_TYPE = YES_ERROR;
				GCC_WARN_UNDECLARED_SELECTOR = YES;
				GCC_WARN_UNINITIALIZED_AUTOS = YES_AGGRESSIVE;
				GCC_WARN_UNUSED_FUNCTION = YES;
				GCC_WARN_UNUSED_VARIABLE = YES;
				IPHONEOS_DEPLOYMENT_TARGET = 13.2;
				MTL_ENABLE_DEBUG_INFO = NO;
				MTL_FAST_MATH = YES;
				SDKROOT = iphoneos;
				VALIDATE_PRODUCT = YES;
			};
			name = Release;
		};
		3A66880E23960FCF0009F441 /* Debug */ = {
			isa = XCBuildConfiguration;
			buildSettings = {
				ASSETCATALOG_COMPILER_APPICON_NAME = AppIcon;
				CODE_SIGN_IDENTITY = "Apple Development";
				CODE_SIGN_STYLE = Automatic;
				DEVELOPMENT_TEAM = 6H8832CP38;
				INFOPLIST_FILE = TableviewWithTimer/Info.plist;
				IPHONEOS_DEPLOYMENT_TARGET = 13.0;
				LD_RUNPATH_SEARCH_PATHS = (
					"$(inherited)",
					"@executable_path/Frameworks",
				);
				PRODUCT_BUNDLE_IDENTIFIER = com.zz.demo3;
				PRODUCT_NAME = "$(TARGET_NAME)";
				PROVISIONING_PROFILE_SPECIFIER = "";
				TARGETED_DEVICE_FAMILY = "1,2";
			};
			name = Debug;
		};
		3A66880F23960FCF0009F441 /* Release */ = {
			isa = XCBuildConfiguration;
			buildSettings = {
				ASSETCATALOG_COMPILER_APPICON_NAME = AppIcon;
				CODE_SIGN_IDENTITY = "Apple Development";
				CODE_SIGN_STYLE = Automatic;
				DEVELOPMENT_TEAM = 6H8832CP38;
				INFOPLIST_FILE = TableviewWithTimer/Info.plist;
				IPHONEOS_DEPLOYMENT_TARGET = 13.0;
				LD_RUNPATH_SEARCH_PATHS = (
					"$(inherited)",
					"@executable_path/Frameworks",
				);
				PRODUCT_BUNDLE_IDENTIFIER = com.zz.demo3;
				PRODUCT_NAME = "$(TARGET_NAME)";
				PROVISIONING_PROFILE_SPECIFIER = "";
				TARGETED_DEVICE_FAMILY = "1,2";
			};
			name = Release;
		};
/* End XCBuildConfiguration section */

/* Begin XCConfigurationList section */
		3A6687EF23960FCD0009F441 /* Build configuration list for PBXProject "TableviewWithTimer" */ = {
			isa = XCConfigurationList;
			buildConfigurations = (
				3A66880B23960FCF0009F441 /* Debug */,
				3A66880C23960FCF0009F441 /* Release */,
			);
			defaultConfigurationIsVisible = 0;
			defaultConfigurationName = Release;
		};
		3A66880D23960FCF0009F441 /* Build configuration list for PBXNativeTarget "TableviewWithTimer" */ = {
			isa = XCConfigurationList;
			buildConfigurations = (
				3A66880E23960FCF0009F441 /* Debug */,
				3A66880F23960FCF0009F441 /* Release */,
			);
			defaultConfigurationIsVisible = 0;
			defaultConfigurationName = Release;
		};
/* End XCConfigurationList section */
	};
	rootObject = 3A6687EC23960FCD0009F441 /* Project object */;
}
